
Microsoft Visual Studio Solution File, Format Version 12.00
# Visual Studio Version 17
VisualStudioVersion = 17.5.33516.290
MinimumVisualStudioVersion = 10.0.40219.1
Project("{FAE04EC0-301F-11D3-BF4B-00C04F79EFBC}") = "lapka3", "lapka3\lapka3.csproj", "{DB680027-E53E-43F7-81C9-025F4602575B}"
EndProject
Global
	GlobalSection(SolutionConfigurationPlatforms) = preSolution
		Debug|Any CPU = Debug|Any CPU
		Release|Any CPU = Release|Any CPU
	EndGlobalSection
	GlobalSection(ProjectConfigurationPlatforms) = postSolution
		{DB680027-E53E-43F7-81C9-025F4602575B}.Debug|Any CPU.ActiveCfg = Debug|Any CPU
		{DB680027-E53E-43F7-81C9-025F4602575B}.Debug|Any CPU.Build.0 = Debug|Any CPU
		{DB680027-E53E-43F7-81C9-025F4602575B}.Release|Any CPU.ActiveCfg = Release|Any CPU
		{DB680027-E53E-43F7-81C9-025F4602575B}.Release|Any CPU.Build.0 = Release|Any CPU
	EndGlobalSection
	GlobalSection(SolutionProperties) = preSolution
		HideSolutionNode = FALSE
	EndGlobalSection
	GlobalSection(ExtensibilityGlobals) = postSolution
		SolutionGuid = {C5E67595-6F85-484B-AAC4-8585CB68CD7B}
	EndGlobalSection
EndGlobal
